
Microsoft Visual Studio Solution File, Format Version 12.00
# Visual Studio 15
VisualStudioVersion = 15.0.27703.2042
MinimumVisualStudioVersion = 10.0.40219.1
Project("{FAE04EC0-301F-11D3-BF4B-00C04F79EFBC}") = "FrameworkWindowsFormsUI", "FrameworkWindowsFormsUI\FrameworkWindowsFormsUI.csproj", "{4829F5DB-29E5-43DB-BD8D-C8DBA9F1C147}"
EndProject
Project("{9A19103F-16F7-4668-BE54-9A1E7A4F7556}") = "CoreConsoleUI", "CoreConsoleUI\CoreConsoleUI.csproj", "{A111D360-66C0-4862-9BA5-3E18B0824094}"
EndProject
Project("{FAE04EC0-301F-11D3-BF4B-00C04F79EFBC}") = "HelloMessageLogic", "HelloMessageLogic\HelloMessageLogic.csproj", "{3FD62FDD-0A98-4DFF-9D08-AAC428E04C09}"
EndProject
Global
	GlobalSection(SolutionConfigurationPlatforms) = preSolution
		Debug|Any CPU = Debug|Any CPU
		Release|Any CPU = Release|Any CPU
	EndGlobalSection
	GlobalSection(ProjectConfigurationPlatforms) = postSolution
		{4829F5DB-29E5-43DB-BD8D-C8DBA9F1C147}.Debug|Any CPU.ActiveCfg = Debug|Any CPU
		{4829F5DB-29E5-43DB-BD8D-C8DBA9F1C147}.Debug|Any CPU.Build.0 = Debug|Any CPU
		{4829F5DB-29E5-43DB-BD8D-C8DBA9F1C147}.Release|Any CPU.ActiveCfg = Release|Any CPU
		{4829F5DB-29E5-43DB-BD8D-C8DBA9F1C147}.Release|Any CPU.Build.0 = Release|Any CPU
		{A111D360-66C0-4862-9BA5-3E18B0824094}.Debug|Any CPU.ActiveCfg = Debug|Any CPU
		{A111D360-66C0-4862-9BA5-3E18B0824094}.Debug|Any CPU.Build.0 = Debug|Any CPU
		{A111D360-66C0-4862-9BA5-3E18B0824094}.Release|Any CPU.ActiveCfg = Release|Any CPU
		{A111D360-66C0-4862-9BA5-3E18B0824094}.Release|Any CPU.Build.0 = Release|Any CPU
		{3FD62FDD-0A98-4DFF-9D08-AAC428E04C09}.Debug|Any CPU.ActiveCfg = Debug|Any CPU
		{3FD62FDD-0A98-4DFF-9D08-AAC428E04C09}.Debug|Any CPU.Build.0 = Debug|Any CPU
		{3FD62FDD-0A98-4DFF-9D08-AAC428E04C09}.Release|Any CPU.ActiveCfg = Release|Any CPU
		{3FD62FDD-0A98-4DFF-9D08-AAC428E04C09}.Release|Any CPU.Build.0 = Release|Any CPU
	EndGlobalSection
	GlobalSection(SolutionProperties) = preSolution
		HideSolutionNode = FALSE
	EndGlobalSection
	GlobalSection(ExtensibilityGlobals) = postSolution
		SolutionGuid = {634E941C-56D3-491E-8AE2-70394831A85E}
	EndGlobalSection
EndGlobal
